
Microsoft Visual Studio Solution File, Format Version 12.00
# Visual Studio Version 17
VisualStudioVersion = 17.1.32319.34
MinimumVisualStudioVersion = 10.0.40219.1
Project("{2150E333-8FDC-42A3-9474-1A3956D46DE8}") = "Dependencies", "Dependencies", "{02EA681E-C7D8-13C7-8484-4AC65E1B71E8}"
EndProject
Project("{8BC9CEB8-8B4A-11D0-8D11-00A0C91BC942}") = "nese", "src\nese\nese.vcxproj", "{A633F111-A127-4541-B319-C0AA447D9826}"
EndProject
Project("{8BC9CEB8-8B4A-11D0-8D11-00A0C91BC942}") = "common", "src\common\common.vcxproj", "{79ECCF14-CCD4-41A0-A0B2-107ADB9B37FD}"
EndProject
Project("{8BC9CEB8-8B4A-11D0-8D11-00A0C91BC942}") = "Nes_Snd_Emu", "src\Nes_Snd_Emu\Nes_Snd_Emu.vcxproj", "{CD708330-2DCF-4393-8F25-3D4088FDACD3}"
EndProject
Project("{8BC9CEB8-8B4A-11D0-8D11-00A0C91BC942}") = "fmt", "dep\fmt\fmt.vcxproj", "{B9E85819-CE80-4432-8578-C282AD939448}"
EndProject
Global
	GlobalSection(SolutionConfigurationPlatforms) = preSolution
		Debug|ARM64 = Debug|ARM64
		Debug|x64 = Debug|x64
		Debug-Clang|ARM64 = Debug-Clang|ARM64
		Debug-Clang|x64 = Debug-Clang|x64
		Debug-Clang-SSE2|ARM64 = Debug-Clang-SSE2|ARM64
		Debug-Clang-SSE2|x64 = Debug-Clang-SSE2|x64
		DebugFast|ARM64 = DebugFast|ARM64
		DebugFast|x64 = DebugFast|x64
		DebugFast-Clang|ARM64 = DebugFast-Clang|ARM64
		DebugFast-Clang|x64 = DebugFast-Clang|x64
		Devel-Clang|ARM64 = Devel-Clang|ARM64
		Devel-Clang|x64 = Devel-Clang|x64
		Release|ARM64 = Release|ARM64
		Release|x64 = Release|x64
		Release-Clang|ARM64 = Release-Clang|ARM64
		Release-Clang|x64 = Release-Clang|x64
		ReleaseLTCG|ARM64 = ReleaseLTCG|ARM64
		ReleaseLTCG|x64 = ReleaseLTCG|x64
		ReleaseLTCG-Clang|ARM64 = ReleaseLTCG-Clang|ARM64
		ReleaseLTCG-Clang|x64 = ReleaseLTCG-Clang|x64
		ReleaseLTCG-Clang-SSE2|ARM64 = ReleaseLTCG-Clang-SSE2|ARM64
		ReleaseLTCG-Clang-SSE2|x64 = ReleaseLTCG-Clang-SSE2|x64
	EndGlobalSection
	GlobalSection(ProjectConfigurationPlatforms) = postSolution
		{A633F111-A127-4541-B319-C0AA447D9826}.Debug|ARM64.ActiveCfg = Debug|x64
		{A633F111-A127-4541-B319-C0AA447D9826}.Debug|ARM64.Build.0 = Debug|x64
		{A633F111-A127-4541-B319-C0AA447D9826}.Debug|x64.ActiveCfg = Debug|x64
		{A633F111-A127-4541-B319-C0AA447D9826}.Debug|x64.Build.0 = Debug|x64
		{A633F111-A127-4541-B319-C0AA447D9826}.Debug-Clang|ARM64.ActiveCfg = Debug-Clang|ARM64
		{A633F111-A127-4541-B319-C0AA447D9826}.Debug-Clang|ARM64.Build.0 = Debug-Clang|ARM64
		{A633F111-A127-4541-B319-C0AA447D9826}.Debug-Clang|x64.ActiveCfg = Debug-Clang|x64
		{A633F111-A127-4541-B319-C0AA447D9826}.Debug-Clang|x64.Build.0 = Debug-Clang|x64
		{A633F111-A127-4541-B319-C0AA447D9826}.Debug-Clang-SSE2|ARM64.ActiveCfg = Debug-Clang-SSE2|x64
		{A633F111-A127-4541-B319-C0AA447D9826}.Debug-Clang-SSE2|ARM64.Build.0 = Debug-Clang-SSE2|x64
		{A633F111-A127-4541-B319-C0AA447D9826}.Debug-Clang-SSE2|x64.ActiveCfg = Debug-Clang-SSE2|x64
		{A633F111-A127-4541-B319-C0AA447D9826}.Debug-Clang-SSE2|x64.Build.0 = Debug-Clang-SSE2|x64
		{A633F111-A127-4541-B319-C0AA447D9826}.DebugFast|ARM64.ActiveCfg = DebugFast|x64
		{A633F111-A127-4541-B319-C0AA447D9826}.DebugFast|ARM64.Build.0 = DebugFast|x64
		{A633F111-A127-4541-B319-C0AA447D9826}.DebugFast|x64.ActiveCfg = DebugFast|x64
		{A633F111-A127-4541-B319-C0AA447D9826}.DebugFast|x64.Build.0 = DebugFast|x64
		{A633F111-A127-4541-B319-C0AA447D9826}.DebugFast-Clang|ARM64.ActiveCfg = DebugFast-Clang|ARM64
		{A633F111-A127-4541-B319-C0AA447D9826}.DebugFast-Clang|ARM64.Build.0 = DebugFast-Clang|ARM64
		{A633F111-A127-4541-B319-C0AA447D9826}.DebugFast-Clang|x64.ActiveCfg = DebugFast-Clang|x64
		{A633F111-A127-4541-B319-C0AA447D9826}.DebugFast-Clang|x64.Build.0 = DebugFast-Clang|x64
		{A633F111-A127-4541-B319-C0AA447D9826}.Devel-Clang|ARM64.ActiveCfg = Devel-Clang|ARM64
		{A633F111-A127-4541-B319-C0AA447D9826}.Devel-Clang|ARM64.Build.0 = Devel-Clang|ARM64
		{A633F111-A127-4541-B319-C0AA447D9826}.Devel-Clang|x64.ActiveCfg = Devel-Clang|x64
		{A633F111-A127-4541-B319-C0AA447D9826}.Devel-Clang|x64.Build.0 = Devel-Clang|x64
		{A633F111-A127-4541-B319-C0AA447D9826}.Release|ARM64.ActiveCfg = Release|x64
		{A633F111-A127-4541-B319-C0AA447D9826}.Release|ARM64.Build.0 = Release|x64
		{A633F111-A127-4541-B319-C0AA447D9826}.Release|x64.ActiveCfg = Release|x64
		{A633F111-A127-4541-B319-C0AA447D9826}.Release|x64.Build.0 = Release|x64
		{A633F111-A127-4541-B319-C0AA447D9826}.Release-Clang|ARM64.ActiveCfg = Release-Clang|ARM64
		{A633F111-A127-4541-B319-C0AA447D9826}.Release-Clang|ARM64.Build.0 = Release-Clang|ARM64
		{A633F111-A127-4541-B319-C0AA447D9826}.Release-Clang|x64.ActiveCfg = Release-Clang|x64
		{A633F111-A127-4541-B319-C0AA447D9826}.Release-Clang|x64.Build.0 = Release-Clang|x64
		{A633F111-A127-4541-B319-C0AA447D9826}.ReleaseLTCG|ARM64.ActiveCfg = ReleaseLTCG|x64
		{A633F111-A127-4541-B319-C0AA447D9826}.ReleaseLTCG|ARM64.Build.0 = ReleaseLTCG|x64
		{A633F111-A127-4541-B319-C0AA447D9826}.ReleaseLTCG|x64.ActiveCfg = ReleaseLTCG|x64
		{A633F111-A127-4541-B319-C0AA447D9826}.ReleaseLTCG|x64.Build.0 = ReleaseLTCG|x64
		{A633F111-A127-4541-B319-C0AA447D9826}.ReleaseLTCG-Clang|ARM64.ActiveCfg = ReleaseLTCG-Clang|ARM64
		{A633F111-A127-4541-B319-C0AA447D9826}.ReleaseLTCG-Clang|ARM64.Build.0 = ReleaseLTCG-Clang|ARM64
		{A633F111-A127-4541-B319-C0AA447D9826}.ReleaseLTCG-Clang|x64.ActiveCfg = ReleaseLTCG-Clang|x64
		{A633F111-A127-4541-B319-C0AA447D9826}.ReleaseLTCG-Clang|x64.Build.0 = ReleaseLTCG-Clang|x64
		{A633F111-A127-4541-B319-C0AA447D9826}.ReleaseLTCG-Clang-SSE2|ARM64.ActiveCfg = ReleaseLTCG-Clang-SSE2|x64
		{A633F111-A127-4541-B319-C0AA447D9826}.ReleaseLTCG-Clang-SSE2|ARM64.Build.0 = ReleaseLTCG-Clang-SSE2|x64
		{A633F111-A127-4541-B319-C0AA447D9826}.ReleaseLTCG-Clang-SSE2|x64.ActiveCfg = ReleaseLTCG-Clang-SSE2|x64
		{A633F111-A127-4541-B319-C0AA447D9826}.ReleaseLTCG-Clang-SSE2|x64.Build.0 = ReleaseLTCG-Clang-SSE2|x64
		{79ECCF14-CCD4-41A0-A0B2-107ADB9B37FD}.Debug|ARM64.ActiveCfg = Debug|x64
		{79ECCF14-CCD4-41A0-A0B2-107ADB9B37FD}.Debug|ARM64.Build.0 = Debug|x64
		{79ECCF14-CCD4-41A0-A0B2-107ADB9B37FD}.Debug|x64.ActiveCfg = Debug|x64
		{79ECCF14-CCD4-41A0-A0B2-107ADB9B37FD}.Debug|x64.Build.0 = Debug|x64
		{79ECCF14-CCD4-41A0-A0B2-107ADB9B37FD}.Debug-Clang|ARM64.ActiveCfg = Debug-Clang|ARM64
		{79ECCF14-CCD4-41A0-A0B2-107ADB9B37FD}.Debug-Clang|ARM64.Build.0 = Debug-Clang|ARM64
		{79ECCF14-CCD4-41A0-A0B2-107ADB9B37FD}.Debug-Clang|x64.ActiveCfg = Debug-Clang|x64
		{79ECCF14-CCD4-41A0-A0B2-107ADB9B37FD}.Debug-Clang|x64.Build.0 = Debug-Clang|x64
		{79ECCF14-CCD4-41A0-A0B2-107ADB9B37FD}.Debug-Clang-SSE2|ARM64.ActiveCfg = Debug-Clang-SSE2|x64
		{79ECCF14-CCD4-41A0-A0B2-107ADB9B37FD}.Debug-Clang-SSE2|ARM64.Build.0 = Debug-Clang-SSE2|x64
		{79ECCF14-CCD4-41A0-A0B2-107ADB9B37FD}.Debug-Clang-SSE2|x64.ActiveCfg = Debug-Clang-SSE2|x64
		{79ECCF14-CCD4-41A0-A0B2-107ADB9B37FD}.Debug-Clang-SSE2|x64.Build.0 = Debug-Clang-SSE2|x64
		{79ECCF14-CCD4-41A0-A0B2-107ADB9B37FD}.DebugFast|ARM64.ActiveCfg = DebugFast|x64
		{79ECCF14-CCD4-41A0-A0B2-107ADB9B37FD}.DebugFast|ARM64.Build.0 = DebugFast|x64
		{79ECCF14-CCD4-41A0-A0B2-107ADB9B37FD}.DebugFast|x64.ActiveCfg = DebugFast|x64
		{79ECCF14-CCD4-41A0-A0B2-107ADB9B37FD}.DebugFast|x64.Build.0 = DebugFast|x64
		{79ECCF14-CCD4-41A0-A0B2-107ADB9B37FD}.DebugFast-Clang|ARM64.ActiveCfg = DebugFast-Clang|ARM64
		{79ECCF14-CCD4-41A0-A0B2-107ADB9B37FD}.DebugFast-Clang|ARM64.Build.0 = DebugFast-Clang|ARM64
		{79ECCF14-CCD4-41A0-A0B2-107ADB9B37FD}.DebugFast-Clang|x64.ActiveCfg = DebugFast-Clang|x64
		{79ECCF14-CCD4-41A0-A0B2-107ADB9B37FD}.DebugFast-Clang|x64.Build.0 = DebugFast-Clang|x64
		{79ECCF14-CCD4-41A0-A0B2-107ADB9B37FD}.Devel-Clang|ARM64.ActiveCfg = Devel-Clang|ARM64
		{79ECCF14-CCD4-41A0-A0B2-107ADB9B37FD}.Devel-Clang|ARM64.Build.0 = Devel-Clang|ARM64
		{79ECCF14-CCD4-41A0-A0B2-107ADB9B37FD}.Devel-Clang|x64.ActiveCfg = Devel-Clang|x64
		{79ECCF14-CCD4-41A0-A0B2-107ADB9B37FD}.Devel-Clang|x64.Build.0 = Devel-Clang|x64
		{79ECCF14-CCD4-41A0-A0B2-107ADB9B37FD}.Release|ARM64.ActiveCfg = Release|x64
		{79ECCF14-CCD4-41A0-A0B2-107ADB9B37FD}.Release|ARM64.Build.0 = Release|x64
		{79ECCF14-CCD4-41A0-A0B2-107ADB9B37FD}.Release|x64.ActiveCfg = Release|x64
		{79ECCF14-CCD4-41A0-A0B2-107ADB9B37FD}.Release|x64.Build.0 = Release|x64
		{79ECCF14-CCD4-41A0-A0B2-107ADB9B37FD}.Release-Clang|ARM64.ActiveCfg = Release-Clang|ARM64
		{79ECCF14-CCD4-41A0-A0B2-107ADB9B37FD}.Release-Clang|ARM64.Build.0 = Release-Clang|ARM64
		{79ECCF14-CCD4-41A0-A0B2-107ADB9B37FD}.Release-Clang|x64.ActiveCfg = Release-Clang|x64
		{79ECCF14-CCD4-41A0-A0B2-107ADB9B37FD}.Release-Clang|x64.Build.0 = Release-Clang|x64
		{79ECCF14-CCD4-41A0-A0B2-107ADB9B37FD}.ReleaseLTCG|ARM64.ActiveCfg = ReleaseLTCG|x64
		{79ECCF14-CCD4-41A0-A0B2-107ADB9B37FD}.ReleaseLTCG|ARM64.Build.0 = ReleaseLTCG|x64
		{79ECCF14-CCD4-41A0-A0B2-107ADB9B37FD}.ReleaseLTCG|x64.ActiveCfg = ReleaseLTCG|x64
		{79ECCF14-CCD4-41A0-A0B2-107ADB9B37FD}.ReleaseLTCG|x64.Build.0 = ReleaseLTCG|x64
		{79ECCF14-CCD4-41A0-A0B2-107ADB9B37FD}.ReleaseLTCG-Clang|ARM64.ActiveCfg = ReleaseLTCG-Clang|ARM64
		{79ECCF14-CCD4-41A0-A0B2-107ADB9B37FD}.ReleaseLTCG-Clang|ARM64.Build.0 = ReleaseLTCG-Clang|ARM64
		{79ECCF14-CCD4-41A0-A0B2-107ADB9B37FD}.ReleaseLTCG-Clang|x64.ActiveCfg = ReleaseLTCG-Clang|x64
		{79ECCF14-CCD4-41A0-A0B2-107ADB9B37FD}.ReleaseLTCG-Clang|x64.Build.0 = ReleaseLTCG-Clang|x64
		{79ECCF14-CCD4-41A0-A0B2-107ADB9B37FD}.ReleaseLTCG-Clang-SSE2|ARM64.ActiveCfg = ReleaseLTCG-Clang-SSE2|x64
		{79ECCF14-CCD4-41A0-A0B2-107ADB9B37FD}.ReleaseLTCG-Clang-SSE2|ARM64.Build.0 = ReleaseLTCG-Clang-SSE2|x64
		{79ECCF14-CCD4-41A0-A0B2-107ADB9B37FD}.ReleaseLTCG-Clang-SSE2|x64.ActiveCfg = ReleaseLTCG-Clang-SSE2|x64
		{79ECCF14-CCD4-41A0-A0B2-107ADB9B37FD}.ReleaseLTCG-Clang-SSE2|x64.Build.0 = ReleaseLTCG-Clang-SSE2|x64
		{CD708330-2DCF-4393-8F25-3D4088FDACD3}.Debug|ARM64.ActiveCfg = Debug|x64
		{CD708330-2DCF-4393-8F25-3D4088FDACD3}.Debug|ARM64.Build.0 = Debug|x64
		{CD708330-2DCF-4393-8F25-3D4088FDACD3}.Debug|x64.ActiveCfg = Debug|x64
		{CD708330-2DCF-4393-8F25-3D4088FDACD3}.Debug|x64.Build.0 = Debug|x64
		{CD708330-2DCF-4393-8F25-3D4088FDACD3}.Debug-Clang|ARM64.ActiveCfg = Debug-Clang|ARM64
		{CD708330-2DCF-4393-8F25-3D4088FDACD3}.Debug-Clang|ARM64.Build.0 = Debug-Clang|ARM64
		{CD708330-2DCF-4393-8F25-3D4088FDACD3}.Debug-Clang|x64.ActiveCfg = Debug-Clang|x64
		{CD708330-2DCF-4393-8F25-3D4088FDACD3}.Debug-Clang|x64.Build.0 = Debug-Clang|x64
		{CD708330-2DCF-4393-8F25-3D4088FDACD3}.Debug-Clang-SSE2|ARM64.ActiveCfg = Debug-Clang-SSE2|x64
		{CD708330-2DCF-4393-8F25-3D4088FDACD3}.Debug-Clang-SSE2|ARM64.Build.0 = Debug-Clang-SSE2|x64
		{CD708330-2DCF-4393-8F25-3D4088FDACD3}.Debug-Clang-SSE2|x64.ActiveCfg = Debug-Clang-SSE2|x64
		{CD708330-2DCF-4393-8F25-3D4088FDACD3}.Debug-Clang-SSE2|x64.Build.0 = Debug-Clang-SSE2|x64
		{CD708330-2DCF-4393-8F25-3D4088FDACD3}.DebugFast|ARM64.ActiveCfg = DebugFast|x64
		{CD708330-2DCF-4393-8F25-3D4088FDACD3}.DebugFast|ARM64.Build.0 = DebugFast|x64
		{CD708330-2DCF-4393-8F25-3D4088FDACD3}.DebugFast|x64.ActiveCfg = DebugFast|x64
		{CD708330-2DCF-4393-8F25-3D4088FDACD3}.DebugFast|x64.Build.0 = DebugFast|x64
		{CD708330-2DCF-4393-8F25-3D4088FDACD3}.DebugFast-Clang|ARM64.ActiveCfg = DebugFast-Clang|ARM64
		{CD708330-2DCF-4393-8F25-3D4088FDACD3}.DebugFast-Clang|ARM64.Build.0 = DebugFast-Clang|ARM64
		{CD708330-2DCF-4393-8F25-3D4088FDACD3}.DebugFast-Clang|x64.ActiveCfg = DebugFast-Clang|x64
		{CD708330-2DCF-4393-8F25-3D4088FDACD3}.DebugFast-Clang|x64.Build.0 = DebugFast-Clang|x64
		{CD708330-2DCF-4393-8F25-3D4088FDACD3}.Devel-Clang|ARM64.ActiveCfg = Devel-Clang|ARM64
		{CD708330-2DCF-4393-8F25-3D4088FDACD3}.Devel-Clang|ARM64.Build.0 = Devel-Clang|ARM64
		{CD708330-2DCF-4393-8F25-3D4088FDACD3}.Devel-Clang|x64.ActiveCfg = Devel-Clang|x64
		{CD708330-2DCF-4393-8F25-3D4088FDACD3}.Devel-Clang|x64.Build.0 = Devel-Clang|x64
		{CD708330-2DCF-4393-8F25-3D4088FDACD3}.Release|ARM64.ActiveCfg = Release|x64
		{CD708330-2DCF-4393-8F25-3D4088FDACD3}.Release|ARM64.Build.0 = Release|x64
		{CD708330-2DCF-4393-8F25-3D4088FDACD3}.Release|x64.ActiveCfg = Release|x64
		{CD708330-2DCF-4393-8F25-3D4088FDACD3}.Release|x64.Build.0 = Release|x64
		{CD708330-2DCF-4393-8F25-3D4088FDACD3}.Release-Clang|ARM64.ActiveCfg = Release-Clang|ARM64
		{CD708330-2DCF-4393-8F25-3D4088FDACD3}.Release-Clang|ARM64.Build.0 = Release-Clang|ARM64
		{CD708330-2DCF-4393-8F25-3D4088FDACD3}.Release-Clang|x64.ActiveCfg = Release-Clang|x64
		{CD708330-2DCF-4393-8F25-3D4088FDACD3}.Release-Clang|x64.Build.0 = Release-Clang|x64
		{CD708330-2DCF-4393-8F25-3D4088FDACD3}.ReleaseLTCG|ARM64.ActiveCfg = ReleaseLTCG|x64
		{CD708330-2DCF-4393-8F25-3D4088FDACD3}.ReleaseLTCG|ARM64.Build.0 = ReleaseLTCG|x64
		{CD708330-2DCF-4393-8F25-3D4088FDACD3}.ReleaseLTCG|x64.ActiveCfg = ReleaseLTCG|x64
		{CD708330-2DCF-4393-8F25-3D4088FDACD3}.ReleaseLTCG|x64.Build.0 = ReleaseLTCG|x64
		{CD708330-2DCF-4393-8F25-3D4088FDACD3}.ReleaseLTCG-Clang|ARM64.ActiveCfg = ReleaseLTCG-Clang|ARM64
		{CD708330-2DCF-4393-8F25-3D4088FDACD3}.ReleaseLTCG-Clang|ARM64.Build.0 = ReleaseLTCG-Clang|ARM64
		{CD708330-2DCF-4393-8F25-3D4088FDACD3}.ReleaseLTCG-Clang|x64.ActiveCfg = ReleaseLTCG-Clang|x64
		{CD708330-2DCF-4393-8F25-3D4088FDACD3}.ReleaseLTCG-Clang|x64.Build.0 = ReleaseLTCG-Clang|x64
		{CD708330-2DCF-4393-8F25-3D4088FDACD3}.ReleaseLTCG-Clang-SSE2|ARM64.ActiveCfg = ReleaseLTCG-Clang-SSE2|x64
		{CD708330-2DCF-4393-8F25-3D4088FDACD3}.ReleaseLTCG-Clang-SSE2|ARM64.Build.0 = ReleaseLTCG-Clang-SSE2|x64
		{CD708330-2DCF-4393-8F25-3D4088FDACD3}.ReleaseLTCG-Clang-SSE2|x64.ActiveCfg = ReleaseLTCG-Clang-SSE2|x64
		{CD708330-2DCF-4393-8F25-3D4088FDACD3}.ReleaseLTCG-Clang-SSE2|x64.Build.0 = ReleaseLTCG-Clang-SSE2|x64
		{B9E85819-CE80-4432-8578-C282AD939448}.Debug|ARM64.ActiveCfg = Debug|x64
		{B9E85819-CE80-4432-8578-C282AD939448}.Debug|ARM64.Build.0 = Debug|x64
		{B9E85819-CE80-4432-8578-C282AD939448}.Debug|x64.ActiveCfg = Debug|x64
		{B9E85819-CE80-4432-8578-C282AD939448}.Debug|x64.Build.0 = Debug|x64
		{B9E85819-CE80-4432-8578-C282AD939448}.Debug-Clang|ARM64.ActiveCfg = Debug-Clang|ARM64
		{B9E85819-CE80-4432-8578-C282AD939448}.Debug-Clang|ARM64.Build.0 = Debug-Clang|ARM64
		{B9E85819-CE80-4432-8578-C282AD939448}.Debug-Clang|x64.ActiveCfg = Debug-Clang|x64
		{B9E85819-CE80-4432-8578-C282AD939448}.Debug-Clang|x64.Build.0 = Debug-Clang|x64
		{B9E85819-CE80-4432-8578-C282AD939448}.Debug-Clang-SSE2|ARM64.ActiveCfg = Debug-Clang-SSE2|x64
		{B9E85819-CE80-4432-8578-C282AD939448}.Debug-Clang-SSE2|ARM64.Build.0 = Debug-Clang-SSE2|x64
		{B9E85819-CE80-4432-8578-C282AD939448}.Debug-Clang-SSE2|x64.ActiveCfg = Debug-Clang-SSE2|x64
		{B9E85819-CE80-4432-8578-C282AD939448}.Debug-Clang-SSE2|x64.Build.0 = Debug-Clang-SSE2|x64
		{B9E85819-CE80-4432-8578-C282AD939448}.DebugFast|ARM64.ActiveCfg = DebugFast|x64
		{B9E85819-CE80-4432-8578-C282AD939448}.DebugFast|ARM64.Build.0 = DebugFast|x64
		{B9E85819-CE80-4432-8578-C282AD939448}.DebugFast|x64.ActiveCfg = DebugFast|x64
		{B9E85819-CE80-4432-8578-C282AD939448}.DebugFast|x64.Build.0 = DebugFast|x64
		{B9E85819-CE80-4432-8578-C282AD939448}.DebugFast-Clang|ARM64.ActiveCfg = DebugFast-Clang|ARM64
		{B9E85819-CE80-4432-8578-C282AD939448}.DebugFast-Clang|ARM64.Build.0 = DebugFast-Clang|ARM64
		{B9E85819-CE80-4432-8578-C282AD939448}.DebugFast-Clang|x64.ActiveCfg = DebugFast-Clang|x64
		{B9E85819-CE80-4432-8578-C282AD939448}.DebugFast-Clang|x64.Build.0 = DebugFast-Clang|x64
		{B9E85819-CE80-4432-8578-C282AD939448}.Devel-Clang|ARM64.ActiveCfg = Devel-Clang|ARM64
		{B9E85819-CE80-4432-8578-C282AD939448}.Devel-Clang|ARM64.Build.0 = Devel-Clang|ARM64
		{B9E85819-CE80-4432-8578-C282AD939448}.Devel-Clang|x64.ActiveCfg = Devel-Clang|x64
		{B9E85819-CE80-4432-8578-C282AD939448}.Devel-Clang|x64.Build.0 = Devel-Clang|x64
		{B9E85819-CE80-4432-8578-C282AD939448}.Release|ARM64.ActiveCfg = Release|x64
		{B9E85819-CE80-4432-8578-C282AD939448}.Release|ARM64.Build.0 = Release|x64
		{B9E85819-CE80-4432-8578-C282AD939448}.Release|x64.ActiveCfg = Release|x64
		{B9E85819-CE80-4432-8578-C282AD939448}.Release|x64.Build.0 = Release|x64
		{B9E85819-CE80-4432-8578-C282AD939448}.Release-Clang|ARM64.ActiveCfg = Release-Clang|ARM64
		{B9E85819-CE80-4432-8578-C282AD939448}.Release-Clang|ARM64.Build.0 = Release-Clang|ARM64
		{B9E85819-CE80-4432-8578-C282AD939448}.Release-Clang|x64.ActiveCfg = Release-Clang|x64
		{B9E85819-CE80-4432-8578-C282AD939448}.Release-Clang|x64.Build.0 = Release-Clang|x64
		{B9E85819-CE80-4432-8578-C282AD939448}.ReleaseLTCG|ARM64.ActiveCfg = ReleaseLTCG|x64
		{B9E85819-CE80-4432-8578-C282AD939448}.ReleaseLTCG|ARM64.Build.0 = ReleaseLTCG|x64
		{B9E85819-CE80-4432-8578-C282AD939448}.ReleaseLTCG|x64.ActiveCfg = ReleaseLTCG|x64
		{B9E85819-CE80-4432-8578-C282AD939448}.ReleaseLTCG|x64.Build.0 = ReleaseLTCG|x64
		{B9E85819-CE80-4432-8578-C282AD939448}.ReleaseLTCG-Clang|ARM64.ActiveCfg = ReleaseLTCG-Clang|ARM64
		{B9E85819-CE80-4432-8578-C282AD939448}.ReleaseLTCG-Clang|ARM64.Build.0 = ReleaseLTCG-Clang|ARM64
		{B9E85819-CE80-4432-8578-C282AD939448}.ReleaseLTCG-Clang|x64.ActiveCfg = ReleaseLTCG-Clang|x64
		{B9E85819-CE80-4432-8578-C282AD939448}.ReleaseLTCG-Clang|x64.Build.0 = ReleaseLTCG-Clang|x64
		{B9E85819-CE80-4432-8578-C282AD939448}.ReleaseLTCG-Clang-SSE2|ARM64.ActiveCfg = ReleaseLTCG-Clang-SSE2|x64
		{B9E85819-CE80-4432-8578-C282AD939448}.ReleaseLTCG-Clang-SSE2|ARM64.Build.0 = ReleaseLTCG-Clang-SSE2|x64
		{B9E85819-CE80-4432-8578-C282AD939448}.ReleaseLTCG-Clang-SSE2|x64.ActiveCfg = ReleaseLTCG-Clang-SSE2|x64
		{B9E85819-CE80-4432-8578-C282AD939448}.ReleaseLTCG-Clang-SSE2|x64.Build.0 = ReleaseLTCG-Clang-SSE2|x64
	EndGlobalSection
	GlobalSection(SolutionProperties) = preSolution
		HideSolutionNode = FALSE
	EndGlobalSection
	GlobalSection(NestedProjects) = preSolution
		{B9E85819-CE80-4432-8578-C282AD939448} = {02EA681E-C7D8-13C7-8484-4AC65E1B71E8}
	EndGlobalSection
	GlobalSection(ExtensibilityGlobals) = postSolution
		SolutionGuid = {26E40B32-7C1D-48D0-95F4-1A500E054028}
	EndGlobalSection
EndGlobal
