<?xml version="1.0" encoding="utf-8"?>
<Project ToolsVersion="4.0" xmlns="http://schemas.microsoft.com/developer/msbuild/2003">
  <ItemGroup>
    <ClCompile Include="main.cpp" />
    <ClCompile Include="mainwindow.cpp" />
    <ClCompile Include="moc_mainwindow.cpp" />
    <ClCompile Include="rcc_icons.cpp" />
    <ClCompile Include="audio.cpp" />
    <ClCompile Include="emuthread.cpp" />
    <ClCompile Include="moc_emuthread.cpp" />
    <ClCompile Include="displaywindow.cpp" />
    <ClCompile Include="moc_displaywindow.cpp" />
    <ClCompile Include="debuggerwindow.cpp" />
    <ClCompile Include="debuggermodels.cpp" />
    <ClCompile Include="moc_debuggerwindow.cpp" />
  </ItemGroup>
  <ItemGroup>
    <ClInclude Include="mainwindow.h" />
    <ClInclude Include="ui_mainwindow.h" />
    <ClInclude Include="audio.h" />
    <ClInclude Include="emuthread.h" />
    <ClInclude Include="displaywindow.h" />
    <ClInclude Include="debuggermodels.h" />
    <ClInclude Include="debuggerwindow.h" />
    <ClInclude Include="ui_debuggerwindow.h" />
  </ItemGroup>
  <ItemGroup>
    <None Include="mainwindow.ui" />
  </ItemGroup>
</Project>